# This file is automatically @generated by Cargo.
# It is not intended for manual editing.
version = 4

[[package]]
name = "common"
version = "0.1.0"

[[package]]
name = "event"
version = "0.1.0"

[[package]]
name = "instrument"
version = "0.1.0"

[[package]]
name = "journal"
version = "0.1.0"

[[package]]
name = "market-data-engine"
version = "0.1.0"

[[package]]
name = "market-gateway"
version = "0.1.0"
dependencies = [
 "instrument",
 "protocol",
]

[[package]]
name = "market-server"
version = "0.1.0"
dependencies = [
 "instrument",
 "market-gateway",
]

[[package]]
name = "model"
version = "0.1.0"

[[package]]
name = "order-gateway"
version = "0.1.0"
dependencies = [
 "orderbook-engine",
 "protocol",
]

[[package]]
name = "order-server"
version = "0.1.0"
dependencies = [
 "order-gateway",
 "orderbook-engine",
]

[[package]]
name = "orderbook-engine"
version = "0.1.0"
dependencies = [
 "event",
 "model",
]

[[package]]
name = "protocol"
version = "0.1.0"

[[package]]
name = "replay"
version = "0.1.0"

[[package]]
name = "test-client"
version = "0.1.0"

[[package]]
name = "transport"
version = "0.1.0"
